
Microsoft Visual Studio Solution File, Format Version 12.00
# Visual Studio Version 17
VisualStudioVersion = 17.0.31903.59
MinimumVisualStudioVersion = 10.0.40219.1
Project("{9A19103F-16F7-4668-BE54-9A1E7A4F7556}") = "PetShopProject.Test", "PetShopProject.Test\PetShopProject.Test.csproj", "{B60FB452-8738-4304-A11D-661A5142047B}"
EndProject
Project("{9A19103F-16F7-4668-BE54-9A1E7A4F7556}") = "PetShopProject.Api", "PetShopProject.Api\PetShopProject.Api.csproj", "{BF80BBF9-AE51-48F0-A033-1B6560BC37A5}"
EndProject
Project("{9A19103F-16F7-4668-BE54-9A1E7A4F7556}") = "PetShopProject.UI", "PetShopProject.UI\PetShopProject.UI.csproj", "{DEE36E53-F5D2-4DAF-AC7F-8AB8068828C2}"
EndProject
Global
	GlobalSection(SolutionConfigurationPlatforms) = preSolution
		Debug|Any CPU = Debug|Any CPU
		Release|Any CPU = Release|Any CPU
	EndGlobalSection
	GlobalSection(ProjectConfigurationPlatforms) = postSolution
		{B60FB452-8738-4304-A11D-661A5142047B}.Debug|Any CPU.ActiveCfg = Debug|Any CPU
		{B60FB452-8738-4304-A11D-661A5142047B}.Debug|Any CPU.Build.0 = Debug|Any CPU
		{B60FB452-8738-4304-A11D-661A5142047B}.Release|Any CPU.ActiveCfg = Release|Any CPU
		{B60FB452-8738-4304-A11D-661A5142047B}.Release|Any CPU.Build.0 = Release|Any CPU
		{BF80BBF9-AE51-48F0-A033-1B6560BC37A5}.Debug|Any CPU.ActiveCfg = Debug|Any CPU
		{BF80BBF9-AE51-48F0-A033-1B6560BC37A5}.Debug|Any CPU.Build.0 = Debug|Any CPU
		{BF80BBF9-AE51-48F0-A033-1B6560BC37A5}.Release|Any CPU.ActiveCfg = Release|Any CPU
		{BF80BBF9-AE51-48F0-A033-1B6560BC37A5}.Release|Any CPU.Build.0 = Release|Any CPU
		{DEE36E53-F5D2-4DAF-AC7F-8AB8068828C2}.Debug|Any CPU.ActiveCfg = Debug|Any CPU
		{DEE36E53-F5D2-4DAF-AC7F-8AB8068828C2}.Debug|Any CPU.Build.0 = Debug|Any CPU
		{DEE36E53-F5D2-4DAF-AC7F-8AB8068828C2}.Release|Any CPU.ActiveCfg = Release|Any CPU
		{DEE36E53-F5D2-4DAF-AC7F-8AB8068828C2}.Release|Any CPU.Build.0 = Release|Any CPU
	EndGlobalSection
	GlobalSection(SolutionProperties) = preSolution
		HideSolutionNode = FALSE
	EndGlobalSection
	GlobalSection(ExtensibilityGlobals) = postSolution
		SolutionGuid = {C1EB7ABB-3BFA-4168-A06C-5E73622E38A5}
	EndGlobalSection
EndGlobal
